// !$*UTF8*$!
{
	archiveVersion = 1;
	classes = {
	};
	objectVersion = 50;
	objects = {

/* Begin PBXBuildFile section */
		A625BD22210B3A9300BF9481 /* NSObject+UCPlanKitExtra.m in Sources */ = {isa = PBXBuildFile; fileRef = A625BD21210B3A9300BF9481 /* NSObject+UCPlanKitExtra.m */; };
		A625BD26210B3F8600BF9481 /* UIView+UCPlanKitGesture.m in Sources */ = {isa = PBXBuildFile; fileRef = A625BD25210B3F8600BF9481 /* UIView+UCPlanKitGesture.m */; };
		A6B98A7320DB47AA00D7368C /* TargetA.m in Sources */ = {isa = PBXBuildFile; fileRef = A6B98A7220DB47AA00D7368C /* TargetA.m */; };
		A6B98A7B20DB4E9700D7368C /* VC1.m in Sources */ = {isa = PBXBuildFile; fileRef = A6B98A7920DB4E9700D7368C /* VC1.m */; };
		A6B98A7C20DB4E9700D7368C /* VC1.xib in Resources */ = {isa = PBXBuildFile; fileRef = A6B98A7A20DB4E9700D7368C /* VC1.xib */; };
		A6B98A7F20DB4F8900D7368C /* UCPlanKitMediator+TargetAModule.m in Sources */ = {isa = PBXBuildFile; fileRef = A6B98A7E20DB4F8900D7368C /* UCPlanKitMediator+TargetAModule.m */; };
		A6B98B0120DC8D1300D7368C /* UILabel+UCPlanKitExtra.m in Sources */ = {isa = PBXBuildFile; fileRef = A6B98ADF20DC8D1300D7368C /* UILabel+UCPlanKitExtra.m */; };
		A6B98B0220DC8D1300D7368C /* UITableViewCell+UCPlanKitExtra.m in Sources */ = {isa = PBXBuildFile; fileRef = A6B98AE420DC8D1300D7368C /* UITableViewCell+UCPlanKitExtra.m */; };
		A6B98B0320DC8D1300D7368C /* UIWebView+UCPlanKitExtra.m in Sources */ = {isa = PBXBuildFile; fileRef = A6B98AE720DC8D1300D7368C /* UIWebView+UCPlanKitExtra.m */; };
		A6B98B0420DC8D1300D7368C /* UIColor+UCPlanKitExtra.m in Sources */ = {isa = PBXBuildFile; fileRef = A6B98AE820DC8D1300D7368C /* UIColor+UCPlanKitExtra.m */; };
		A6B98B0520DC8D1300D7368C /* UIImage+UCPlanKitExtra.m in Sources */ = {isa = PBXBuildFile; fileRef = A6B98AE920DC8D1300D7368C /* UIImage+UCPlanKitExtra.m */; };
		A6B98B0620DC8D1300D7368C /* UIView+UCPlanKitExtra.m in Sources */ = {isa = PBXBuildFile; fileRef = A6B98AEC20DC8D1300D7368C /* UIView+UCPlanKitExtra.m */; };
		A6B98B0720DC8D1300D7368C /* UIFont+UCPlanKitExtra.m in Sources */ = {isa = PBXBuildFile; fileRef = A6B98AED20DC8D1300D7368C /* UIFont+UCPlanKitExtra.m */; };
		A6B98B0820DC8D1300D7368C /* UIImageView+UCPlanKitExtra.m in Sources */ = {isa = PBXBuildFile; fileRef = A6B98AEE20DC8D1300D7368C /* UIImageView+UCPlanKitExtra.m */; };
		A6B98B0920DC8D1300D7368C /* UIViewController+UCPlanKitExtra.m in Sources */ = {isa = PBXBuildFile; fileRef = A6B98AEF20DC8D1300D7368C /* UIViewController+UCPlanKitExtra.m */; };
		A6B98B0A20DC8D1300D7368C /* UCPlanKitBaseTargetNormalArgument.m in Sources */ = {isa = PBXBuildFile; fileRef = A6B98AF220DC8D1300D7368C /* UCPlanKitBaseTargetNormalArgument.m */; };
		A6B98B0B20DC8D1300D7368C /* UCPlanKitMediaorParser.m in Sources */ = {isa = PBXBuildFile; fileRef = A6B98AF920DC8D1300D7368C /* UCPlanKitMediaorParser.m */; };
		A6B98B0C20DC8D1300D7368C /* UCPlanKitResource.m in Sources */ = {isa = PBXBuildFile; fileRef = A6B98AFC20DC8D1300D7368C /* UCPlanKitResource.m */; };
		A6B98B0D20DC8D1300D7368C /* UCPlanKitMediator.m in Sources */ = {isa = PBXBuildFile; fileRef = A6B98B0020DC8D1300D7368C /* UCPlanKitMediator.m */; };
		A6C5D41E20DA27430064723C /* AppDelegate.m in Sources */ = {isa = PBXBuildFile; fileRef = A6C5D41D20DA27430064723C /* AppDelegate.m */; };
		A6C5D42120DA27430064723C /* ViewController.m in Sources */ = {isa = PBXBuildFile; fileRef = A6C5D42020DA27430064723C /* ViewController.m */; };
		A6C5D42420DA27430064723C /* Main.storyboard in Resources */ = {isa = PBXBuildFile; fileRef = A6C5D42220DA27430064723C /* Main.storyboard */; };
		A6C5D42620DA27430064723C /* Assets.xcassets in Resources */ = {isa = PBXBuildFile; fileRef = A6C5D42520DA27430064723C /* Assets.xcassets */; };
		A6C5D42920DA27440064723C /* LaunchScreen.storyboard in Resources */ = {isa = PBXBuildFile; fileRef = A6C5D42720DA27440064723C /* LaunchScreen.storyboard */; };
		A6C5D42C20DA27440064723C /* main.m in Sources */ = {isa = PBXBuildFile; fileRef = A6C5D42B20DA27440064723C /* main.m */; };
		A6F03A4A210B614600836DA9 /* NSString+UCPlanKitExtra.m in Sources */ = {isa = PBXBuildFile; fileRef = A6F03A49210B614600836DA9 /* NSString+UCPlanKitExtra.m */; };
		B79D6C9629C8778673A0299C /* libPods-UCPlanKit.a in Frameworks */ = {isa = PBXBuildFile; fileRef = DD1DB2D8C97E3F7F7996C414 /* libPods-UCPlanKit.a */; };
/* End PBXBuildFile section */

/* Begin PBXFileReference section */
		9827E1B6FF6102372D088617 /* Pods-UCPlanKit.release.xcconfig */ = {isa = PBXFileReference; includeInIndex = 1; lastKnownFileType = text.xcconfig; name = "Pods-UCPlanKit.release.xcconfig"; path = "Pods/Target Support Files/Pods-UCPlanKit/Pods-UCPlanKit.release.xcconfig"; sourceTree = "<group>"; };
		A625BD1C210AFD9700BF9481 /* UCArgumentValidMacro.h */ = {isa = PBXFileReference; lastKnownFileType = sourcecode.c.h; path = UCArgumentValidMacro.h; sourceTree = "<group>"; };
		A625BD1D210AFE0E00BF9481 /* UCUIMacro.h */ = {isa = PBXFileReference; lastKnownFileType = sourcecode.c.h; path = UCUIMacro.h; sourceTree = "<group>"; };
		A625BD1E210AFE4900BF9481 /* UCSystemMacro.h */ = {isa = PBXFileReference; lastKnownFileType = sourcecode.c.h; path = UCSystemMacro.h; sourceTree = "<group>"; };
		A625BD1F210B05FC00BF9481 /* UCOtherMacro.h */ = {isa = PBXFileReference; lastKnownFileType = sourcecode.c.h; path = UCOtherMacro.h; sourceTree = "<group>"; };
		A625BD20210B3A9300BF9481 /* NSObject+UCPlanKitExtra.h */ = {isa = PBXFileReference; lastKnownFileType = sourcecode.c.h; path = "NSObject+UCPlanKitExtra.h"; sourceTree = "<group>"; };
		A625BD21210B3A9300BF9481 /* NSObject+UCPlanKitExtra.m */ = {isa = PBXFileReference; lastKnownFileType = sourcecode.c.objc; path = "NSObject+UCPlanKitExtra.m"; sourceTree = "<group>"; };
		A625BD24210B3F8600BF9481 /* UIView+UCPlanKitGesture.h */ = {isa = PBXFileReference; lastKnownFileType = sourcecode.c.h; path = "UIView+UCPlanKitGesture.h"; sourceTree = "<group>"; };
		A625BD25210B3F8600BF9481 /* UIView+UCPlanKitGesture.m */ = {isa = PBXFileReference; lastKnownFileType = sourcecode.c.objc; path = "UIView+UCPlanKitGesture.m"; sourceTree = "<group>"; };
		A642E19E2134E77E0089875B /* UCCatregory.h */ = {isa = PBXFileReference; lastKnownFileType = sourcecode.c.h; path = UCCatregory.h; sourceTree = "<group>"; };
		A642E1A02134E8270089875B /* UCSomeObj.h */ = {isa = PBXFileReference; lastKnownFileType = sourcecode.c.h; path = UCSomeObj.h; sourceTree = "<group>"; };
		A642E1A12134E94E0089875B /* UCProtocol.h */ = {isa = PBXFileReference; lastKnownFileType = sourcecode.c.h; path = UCProtocol.h; sourceTree = "<group>"; };
		A642E1A22134E9C80089875B /* UCMacro.h */ = {isa = PBXFileReference; lastKnownFileType = sourcecode.c.h; path = UCMacro.h; sourceTree = "<group>"; };
		A6B98A7120DB47AA00D7368C /* TargetA.h */ = {isa = PBXFileReference; lastKnownFileType = sourcecode.c.h; path = TargetA.h; sourceTree = "<group>"; };
		A6B98A7220DB47AA00D7368C /* TargetA.m */ = {isa = PBXFileReference; lastKnownFileType = sourcecode.c.objc; path = TargetA.m; sourceTree = "<group>"; };
		A6B98A7820DB4E9700D7368C /* VC1.h */ = {isa = PBXFileReference; lastKnownFileType = sourcecode.c.h; path = VC1.h; sourceTree = "<group>"; };
		A6B98A7920DB4E9700D7368C /* VC1.m */ = {isa = PBXFileReference; lastKnownFileType = sourcecode.c.objc; path = VC1.m; sourceTree = "<group>"; };
		A6B98A7A20DB4E9700D7368C /* VC1.xib */ = {isa = PBXFileReference; lastKnownFileType = file.xib; path = VC1.xib; sourceTree = "<group>"; };
		A6B98A7D20DB4F8900D7368C /* UCPlanKitMediator+TargetAModule.h */ = {isa = PBXFileReference; lastKnownFileType = sourcecode.c.h; path = "UCPlanKitMediator+TargetAModule.h"; sourceTree = "<group>"; };
		A6B98A7E20DB4F8900D7368C /* UCPlanKitMediator+TargetAModule.m */ = {isa = PBXFileReference; lastKnownFileType = sourcecode.c.objc; path = "UCPlanKitMediator+TargetAModule.m"; sourceTree = "<group>"; };
		A6B98ADE20DC8D1300D7368C /* UIWebView+UCPlanKitExtra.h */ = {isa = PBXFileReference; fileEncoding = 4; lastKnownFileType = sourcecode.c.h; path = "UIWebView+UCPlanKitExtra.h"; sourceTree = "<group>"; };
		A6B98ADF20DC8D1300D7368C /* UILabel+UCPlanKitExtra.m */ = {isa = PBXFileReference; fileEncoding = 4; lastKnownFileType = sourcecode.c.objc; path = "UILabel+UCPlanKitExtra.m"; sourceTree = "<group>"; };
		A6B98AE020DC8D1300D7368C /* UIColor+UCPlanKitExtra.h */ = {isa = PBXFileReference; fileEncoding = 4; lastKnownFileType = sourcecode.c.h; path = "UIColor+UCPlanKitExtra.h"; sourceTree = "<group>"; };
		A6B98AE120DC8D1300D7368C /* UIImage+UCPlanKitExtra.h */ = {isa = PBXFileReference; fileEncoding = 4; lastKnownFileType = sourcecode.c.h; path = "UIImage+UCPlanKitExtra.h"; sourceTree = "<group>"; };
		A6B98AE220DC8D1300D7368C /* UIFont+UCPlanKitExtra.h */ = {isa = PBXFileReference; fileEncoding = 4; lastKnownFileType = sourcecode.c.h; path = "UIFont+UCPlanKitExtra.h"; sourceTree = "<group>"; };
		A6B98AE320DC8D1300D7368C /* UIView+UCPlanKitExtra.h */ = {isa = PBXFileReference; fileEncoding = 4; lastKnownFileType = sourcecode.c.h; path = "UIView+UCPlanKitExtra.h"; sourceTree = "<group>"; };
		A6B98AE420DC8D1300D7368C /* UITableViewCell+UCPlanKitExtra.m */ = {isa = PBXFileReference; fileEncoding = 4; lastKnownFileType = sourcecode.c.objc; path = "UITableViewCell+UCPlanKitExtra.m"; sourceTree = "<group>"; };
		A6B98AE520DC8D1300D7368C /* UIViewController+UCPlanKitExtra.h */ = {isa = PBXFileReference; fileEncoding = 4; lastKnownFileType = sourcecode.c.h; path = "UIViewController+UCPlanKitExtra.h"; sourceTree = "<group>"; };
		A6B98AE620DC8D1300D7368C /* UIImageView+UCPlanKitExtra.h */ = {isa = PBXFileReference; fileEncoding = 4; lastKnownFileType = sourcecode.c.h; path = "UIImageView+UCPlanKitExtra.h"; sourceTree = "<group>"; };
		A6B98AE720DC8D1300D7368C /* UIWebView+UCPlanKitExtra.m */ = {isa = PBXFileReference; fileEncoding = 4; lastKnownFileType = sourcecode.c.objc; path = "UIWebView+UCPlanKitExtra.m"; sourceTree = "<group>"; };
		A6B98AE820DC8D1300D7368C /* UIColor+UCPlanKitExtra.m */ = {isa = PBXFileReference; fileEncoding = 4; lastKnownFileType = sourcecode.c.objc; path = "UIColor+UCPlanKitExtra.m"; sourceTree = "<group>"; };
		A6B98AE920DC8D1300D7368C /* UIImage+UCPlanKitExtra.m */ = {isa = PBXFileReference; fileEncoding = 4; lastKnownFileType = sourcecode.c.objc; path = "UIImage+UCPlanKitExtra.m"; sourceTree = "<group>"; };
		A6B98AEA20DC8D1300D7368C /* UILabel+UCPlanKitExtra.h */ = {isa = PBXFileReference; fileEncoding = 4; lastKnownFileType = sourcecode.c.h; path = "UILabel+UCPlanKitExtra.h"; sourceTree = "<group>"; };
		A6B98AEB20DC8D1300D7368C /* UITableViewCell+UCPlanKitExtra.h */ = {isa = PBXFileReference; fileEncoding = 4; lastKnownFileType = sourcecode.c.h; path = "UITableViewCell+UCPlanKitExtra.h"; sourceTree = "<group>"; };
		A6B98AEC20DC8D1300D7368C /* UIView+UCPlanKitExtra.m */ = {isa = PBXFileReference; fileEncoding = 4; lastKnownFileType = sourcecode.c.objc; path = "UIView+UCPlanKitExtra.m"; sourceTree = "<group>"; };
		A6B98AED20DC8D1300D7368C /* UIFont+UCPlanKitExtra.m */ = {isa = PBXFileReference; fileEncoding = 4; lastKnownFileType = sourcecode.c.objc; path = "UIFont+UCPlanKitExtra.m"; sourceTree = "<group>"; };
		A6B98AEE20DC8D1300D7368C /* UIImageView+UCPlanKitExtra.m */ = {isa = PBXFileReference; fileEncoding = 4; lastKnownFileType = sourcecode.c.objc; path = "UIImageView+UCPlanKitExtra.m"; sourceTree = "<group>"; };
		A6B98AEF20DC8D1300D7368C /* UIViewController+UCPlanKitExtra.m */ = {isa = PBXFileReference; fileEncoding = 4; lastKnownFileType = sourcecode.c.objc; path = "UIViewController+UCPlanKitExtra.m"; sourceTree = "<group>"; };
		A6B98AF120DC8D1300D7368C /* UCPlanKitBaseTargetNormalArgument.h */ = {isa = PBXFileReference; fileEncoding = 4; lastKnownFileType = sourcecode.c.h; path = UCPlanKitBaseTargetNormalArgument.h; sourceTree = "<group>"; };
		A6B98AF220DC8D1300D7368C /* UCPlanKitBaseTargetNormalArgument.m */ = {isa = PBXFileReference; fileEncoding = 4; lastKnownFileType = sourcecode.c.objc; path = UCPlanKitBaseTargetNormalArgument.m; sourceTree = "<group>"; };
		A6B98AF420DC8D1300D7368C /* UCPlanKitBaseTargetProtocol.h */ = {isa = PBXFileReference; fileEncoding = 4; lastKnownFileType = sourcecode.c.h; path = UCPlanKitBaseTargetProtocol.h; sourceTree = "<group>"; };
		A6B98AF820DC8D1300D7368C /* UCPlanKitMediaorParser.h */ = {isa = PBXFileReference; fileEncoding = 4; lastKnownFileType = sourcecode.c.h; path = UCPlanKitMediaorParser.h; sourceTree = "<group>"; };
		A6B98AF920DC8D1300D7368C /* UCPlanKitMediaorParser.m */ = {isa = PBXFileReference; fileEncoding = 4; lastKnownFileType = sourcecode.c.objc; path = UCPlanKitMediaorParser.m; sourceTree = "<group>"; };
		A6B98AFA20DC8D1300D7368C /* UCPlanKit.h */ = {isa = PBXFileReference; fileEncoding = 4; lastKnownFileType = sourcecode.c.h; path = UCPlanKit.h; sourceTree = "<group>"; };
		A6B98AFC20DC8D1300D7368C /* UCPlanKitResource.m */ = {isa = PBXFileReference; fileEncoding = 4; lastKnownFileType = sourcecode.c.objc; path = UCPlanKitResource.m; sourceTree = "<group>"; };
		A6B98AFD20DC8D1300D7368C /* UCPlanKitResource.h */ = {isa = PBXFileReference; fileEncoding = 4; lastKnownFileType = sourcecode.c.h; path = UCPlanKitResource.h; sourceTree = "<group>"; };
		A6B98AFF20DC8D1300D7368C /* UCPlanKitMediator.h */ = {isa = PBXFileReference; fileEncoding = 4; lastKnownFileType = sourcecode.c.h; path = UCPlanKitMediator.h; sourceTree = "<group>"; };
		A6B98B0020DC8D1300D7368C /* UCPlanKitMediator.m */ = {isa = PBXFileReference; fileEncoding = 4; lastKnownFileType = sourcecode.c.objc; path = UCPlanKitMediator.m; sourceTree = "<group>"; };
		A6C5D41920DA27430064723C /* UCPlanKit.app */ = {isa = PBXFileReference; explicitFileType = wrapper.application; includeInIndex = 0; path = UCPlanKit.app; sourceTree = BUILT_PRODUCTS_DIR; };
		A6C5D41C20DA27430064723C /* AppDelegate.h */ = {isa = PBXFileReference; lastKnownFileType = sourcecode.c.h; path = AppDelegate.h; sourceTree = "<group>"; };
		A6C5D41D20DA27430064723C /* AppDelegate.m */ = {isa = PBXFileReference; lastKnownFileType = sourcecode.c.objc; path = AppDelegate.m; sourceTree = "<group>"; };
		A6C5D41F20DA27430064723C /* ViewController.h */ = {isa = PBXFileReference; lastKnownFileType = sourcecode.c.h; path = ViewController.h; sourceTree = "<group>"; };
		A6C5D42020DA27430064723C /* ViewController.m */ = {isa = PBXFileReference; lastKnownFileType = sourcecode.c.objc; path = ViewController.m; sourceTree = "<group>"; };
		A6C5D42320DA27430064723C /* Base */ = {isa = PBXFileReference; lastKnownFileType = file.storyboard; name = Base; path = Base.lproj/Main.storyboard; sourceTree = "<group>"; };
		A6C5D42520DA27430064723C /* Assets.xcassets */ = {isa = PBXFileReference; lastKnownFileType = folder.assetcatalog; path = Assets.xcassets; sourceTree = "<group>"; };
		A6C5D42820DA27440064723C /* Base */ = {isa = PBXFileReference; lastKnownFileType = file.storyboard; name = Base; path = Base.lproj/LaunchScreen.storyboard; sourceTree = "<group>"; };
		A6C5D42A20DA27440064723C /* Info.plist */ = {isa = PBXFileReference; lastKnownFileType = text.plist.xml; path = Info.plist; sourceTree = "<group>"; };
		A6C5D42B20DA27440064723C /* main.m */ = {isa = PBXFileReference; lastKnownFileType = sourcecode.c.objc; path = main.m; sourceTree = "<group>"; };
		A6F03A48210B614600836DA9 /* NSString+UCPlanKitExtra.h */ = {isa = PBXFileReference; lastKnownFileType = sourcecode.c.h; path = "NSString+UCPlanKitExtra.h"; sourceTree = "<group>"; };
		A6F03A49210B614600836DA9 /* NSString+UCPlanKitExtra.m */ = {isa = PBXFileReference; lastKnownFileType = sourcecode.c.objc; path = "NSString+UCPlanKitExtra.m"; sourceTree = "<group>"; };
		DD1DB2D8C97E3F7F7996C414 /* libPods-UCPlanKit.a */ = {isa = PBXFileReference; explicitFileType = archive.ar; includeInIndex = 0; path = "libPods-UCPlanKit.a"; sourceTree = BUILT_PRODUCTS_DIR; };
		E0B68561ECAEC233ADB5FE72 /* Pods-UCPlanKit.debug.xcconfig */ = {isa = PBXFileReference; includeInIndex = 1; lastKnownFileType = text.xcconfig; name = "Pods-UCPlanKit.debug.xcconfig"; path = "Pods/Target Support Files/Pods-UCPlanKit/Pods-UCPlanKit.debug.xcconfig"; sourceTree = "<group>"; };
/* End PBXFileReference section */

/* Begin PBXFrameworksBuildPhase section */
		A6C5D41620DA27430064723C /* Frameworks */ = {
			isa = PBXFrameworksBuildPhase;
			buildActionMask = 2147483647;
			files = (
				B79D6C9629C8778673A0299C /* libPods-UCPlanKit.a in Frameworks */,
			);
			runOnlyForDeploymentPostprocessing = 0;
		};
/* End PBXFrameworksBuildPhase section */

/* Begin PBXGroup section */
		3B09F8583B04EB5D80E9A9FA /* Pods */ = {
			isa = PBXGroup;
			children = (
				E0B68561ECAEC233ADB5FE72 /* Pods-UCPlanKit.debug.xcconfig */,
				9827E1B6FF6102372D088617 /* Pods-UCPlanKit.release.xcconfig */,
			);
			name = Pods;
			sourceTree = "<group>";
		};
		A625BD23210B3F6000BF9481 /* UIView */ = {
			isa = PBXGroup;
			children = (
				A6B98AE320DC8D1300D7368C /* UIView+UCPlanKitExtra.h */,
				A6B98AEC20DC8D1300D7368C /* UIView+UCPlanKitExtra.m */,
				A625BD24210B3F8600BF9481 /* UIView+UCPlanKitGesture.h */,
				A625BD25210B3F8600BF9481 /* UIView+UCPlanKitGesture.m */,
			);
			path = UIView;
			sourceTree = "<group>";
		};
		A6B98ADC20DC8D1300D7368C /* UCPlanKit */ = {
			isa = PBXGroup;
			children = (
				A6B98AFA20DC8D1300D7368C /* UCPlanKit.h */,
				A6B98ADD20DC8D1300D7368C /* Category */,
				A6B98AF020DC8D1300D7368C /* SomeObj */,
				A6B98AF320DC8D1300D7368C /* Protocol */,
				A6B98AF520DC8D1300D7368C /* Macro */,
				A6B98AF720DC8D1300D7368C /* MediatorParser */,
				A6B98AFB20DC8D1300D7368C /* Resource */,
				A6B98AFE20DC8D1300D7368C /* Mediator */,
			);
			path = UCPlanKit;
			sourceTree = "<group>";
		};
		A6B98ADD20DC8D1300D7368C /* Category */ = {
			isa = PBXGroup;
			children = (
				A625BD23210B3F6000BF9481 /* UIView */,
				A6B98ADE20DC8D1300D7368C /* UIWebView+UCPlanKitExtra.h */,
				A6B98AE720DC8D1300D7368C /* UIWebView+UCPlanKitExtra.m */,
				A6B98AEA20DC8D1300D7368C /* UILabel+UCPlanKitExtra.h */,
				A6B98ADF20DC8D1300D7368C /* UILabel+UCPlanKitExtra.m */,
				A6B98AE020DC8D1300D7368C /* UIColor+UCPlanKitExtra.h */,
				A6B98AE820DC8D1300D7368C /* UIColor+UCPlanKitExtra.m */,
				A6B98AE120DC8D1300D7368C /* UIImage+UCPlanKitExtra.h */,
				A6B98AE920DC8D1300D7368C /* UIImage+UCPlanKitExtra.m */,
				A6B98AE220DC8D1300D7368C /* UIFont+UCPlanKitExtra.h */,
				A6B98AED20DC8D1300D7368C /* UIFont+UCPlanKitExtra.m */,
				A6B98AEB20DC8D1300D7368C /* UITableViewCell+UCPlanKitExtra.h */,
				A6B98AE420DC8D1300D7368C /* UITableViewCell+UCPlanKitExtra.m */,
				A6B98AE520DC8D1300D7368C /* UIViewController+UCPlanKitExtra.h */,
				A6B98AEF20DC8D1300D7368C /* UIViewController+UCPlanKitExtra.m */,
				A6B98AE620DC8D1300D7368C /* UIImageView+UCPlanKitExtra.h */,
				A6B98AEE20DC8D1300D7368C /* UIImageView+UCPlanKitExtra.m */,
				A625BD20210B3A9300BF9481 /* NSObject+UCPlanKitExtra.h */,
				A625BD21210B3A9300BF9481 /* NSObject+UCPlanKitExtra.m */,
				A6F03A48210B614600836DA9 /* NSString+UCPlanKitExtra.h */,
				A6F03A49210B614600836DA9 /* NSString+UCPlanKitExtra.m */,
				A642E19E2134E77E0089875B /* UCCatregory.h */,
			);
			path = Category;
			sourceTree = "<group>";
		};
		A6B98AF020DC8D1300D7368C /* SomeObj */ = {
			isa = PBXGroup;
			children = (
				A6B98AF120DC8D1300D7368C /* UCPlanKitBaseTargetNormalArgument.h */,
				A6B98AF220DC8D1300D7368C /* UCPlanKitBaseTargetNormalArgument.m */,
				A642E1A02134E8270089875B /* UCSomeObj.h */,
			);
			path = SomeObj;
			sourceTree = "<group>";
		};
		A6B98AF320DC8D1300D7368C /* Protocol */ = {
			isa = PBXGroup;
			children = (
				A6B98AF420DC8D1300D7368C /* UCPlanKitBaseTargetProtocol.h */,
				A642E1A12134E94E0089875B /* UCProtocol.h */,
			);
			path = Protocol;
			sourceTree = "<group>";
		};
		A6B98AF520DC8D1300D7368C /* Macro */ = {
			isa = PBXGroup;
			children = (
				A625BD1C210AFD9700BF9481 /* UCArgumentValidMacro.h */,
				A625BD1D210AFE0E00BF9481 /* UCUIMacro.h */,
				A625BD1E210AFE4900BF9481 /* UCSystemMacro.h */,
				A625BD1F210B05FC00BF9481 /* UCOtherMacro.h */,
				A642E1A22134E9C80089875B /* UCMacro.h */,
			);
			path = Macro;
			sourceTree = "<group>";
		};
		A6B98AF720DC8D1300D7368C /* MediatorParser */ = {
			isa = PBXGroup;
			children = (
				A6B98AF820DC8D1300D7368C /* UCPlanKitMediaorParser.h */,
				A6B98AF920DC8D1300D7368C /* UCPlanKitMediaorParser.m */,
			);
			path = MediatorParser;
			sourceTree = "<group>";
		};
		A6B98AFB20DC8D1300D7368C /* Resource */ = {
			isa = PBXGroup;
			children = (
				A6B98AFD20DC8D1300D7368C /* UCPlanKitResource.h */,
				A6B98AFC20DC8D1300D7368C /* UCPlanKitResource.m */,
			);
			path = Resource;
			sourceTree = "<group>";
		};
		A6B98AFE20DC8D1300D7368C /* Mediator */ = {
			isa = PBXGroup;
			children = (
				A6B98AFF20DC8D1300D7368C /* UCPlanKitMediator.h */,
				A6B98B0020DC8D1300D7368C /* UCPlanKitMediator.m */,
			);
			path = Mediator;
			sourceTree = "<group>";
		};
		A6C5D41020DA27430064723C = {
			isa = PBXGroup;
			children = (
				A6C5D41B20DA27430064723C /* UCPlanKit */,
				A6C5D41A20DA27430064723C /* Products */,
				3B09F8583B04EB5D80E9A9FA /* Pods */,
				CD2F4755EF78CA98437ECF50 /* Frameworks */,
			);
			sourceTree = "<group>";
		};
		A6C5D41A20DA27430064723C /* Products */ = {
			isa = PBXGroup;
			children = (
				A6C5D41920DA27430064723C /* UCPlanKit.app */,
			);
			name = Products;
			sourceTree = "<group>";
		};
		A6C5D41B20DA27430064723C /* UCPlanKit */ = {
			isa = PBXGroup;
			children = (
				A6B98ADC20DC8D1300D7368C /* UCPlanKit */,
				A6C5D41C20DA27430064723C /* AppDelegate.h */,
				A6C5D41D20DA27430064723C /* AppDelegate.m */,
				A6C5D41F20DA27430064723C /* ViewController.h */,
				A6C5D42020DA27430064723C /* ViewController.m */,
				A6B98A7D20DB4F8900D7368C /* UCPlanKitMediator+TargetAModule.h */,
				A6B98A7E20DB4F8900D7368C /* UCPlanKitMediator+TargetAModule.m */,
				A6B98A7120DB47AA00D7368C /* TargetA.h */,
				A6B98A7220DB47AA00D7368C /* TargetA.m */,
				A6B98A7820DB4E9700D7368C /* VC1.h */,
				A6B98A7920DB4E9700D7368C /* VC1.m */,
				A6B98A7A20DB4E9700D7368C /* VC1.xib */,
				A6C5D42220DA27430064723C /* Main.storyboard */,
				A6C5D42520DA27430064723C /* Assets.xcassets */,
				A6C5D42720DA27440064723C /* LaunchScreen.storyboard */,
				A6C5D42A20DA27440064723C /* Info.plist */,
				A6C5D42B20DA27440064723C /* main.m */,
			);
			path = UCPlanKit;
			sourceTree = "<group>";
		};
		CD2F4755EF78CA98437ECF50 /* Frameworks */ = {
			isa = PBXGroup;
			children = (
				DD1DB2D8C97E3F7F7996C414 /* libPods-UCPlanKit.a */,
			);
			name = Frameworks;
			sourceTree = "<group>";
		};
/* End PBXGroup section */

/* Begin PBXNativeTarget section */
		A6C5D41820DA27430064723C /* UCPlanKit */ = {
			isa = PBXNativeTarget;
			buildConfigurationList = A6C5D42F20DA27440064723C /* Build configuration list for PBXNativeTarget "UCPlanKit" */;
			buildPhases = (
				3306D94B7897491ACE03843A /* [CP] Check Pods Manifest.lock */,
				A6C5D41520DA27430064723C /* Sources */,
				A6C5D41620DA27430064723C /* Frameworks */,
				A6C5D41720DA27430064723C /* Resources */,
			);
			buildRules = (
			);
			dependencies = (
			);
			name = UCPlanKit;
			productName = UCPlanKit;
			productReference = A6C5D41920DA27430064723C /* UCPlanKit.app */;
			productType = "com.apple.product-type.application";
		};
/* End PBXNativeTarget section */

/* Begin PBXProject section */
		A6C5D41120DA27430064723C /* Project object */ = {
			isa = PBXProject;
			attributes = {
				CLASSPREFIX = UCPlanKit;
				LastUpgradeCheck = 0930;
				ORGANIZATIONNAME = RPGLiker;
				TargetAttributes = {
					A6C5D41820DA27430064723C = {
						CreatedOnToolsVersion = 9.3;
					};
				};
			};
			buildConfigurationList = A6C5D41420DA27430064723C /* Build configuration list for PBXProject "UCPlanKit" */;
			compatibilityVersion = "Xcode 9.3";
			developmentRegion = en;
			hasScannedForEncodings = 0;
			knownRegions = (
				en,
				Base,
			);
			mainGroup = A6C5D41020DA27430064723C;
			productRefGroup = A6C5D41A20DA27430064723C /* Products */;
			projectDirPath = "";
			projectRoot = "";
			targets = (
				A6C5D41820DA27430064723C /* UCPlanKit */,
			);
		};
/* End PBXProject section */

/* Begin PBXResourcesBuildPhase section */
		A6C5D41720DA27430064723C /* Resources */ = {
			isa = PBXResourcesBuildPhase;
			buildActionMask = 2147483647;
			files = (
				A6C5D42920DA27440064723C /* LaunchScreen.storyboard in Resources */,
				A6C5D42620DA27430064723C /* Assets.xcassets in Resources */,
				A6B98A7C20DB4E9700D7368C /* VC1.xib in Resources */,
				A6C5D42420DA27430064723C /* Main.storyboard in Resources */,
			);
			runOnlyForDeploymentPostprocessing = 0;
		};
/* End PBXResourcesBuildPhase section */

/* Begin PBXShellScriptBuildPhase section */
		3306D94B7897491ACE03843A /* [CP] Check Pods Manifest.lock */ = {
			isa = PBXShellScriptBuildPhase;
			buildActionMask = 2147483647;
			files = (
			);
			inputPaths = (
				"${PODS_PODFILE_DIR_PATH}/Podfile.lock",
				"${PODS_ROOT}/Manifest.lock",
			);
			name = "[CP] Check Pods Manifest.lock";
			outputPaths = (
				"$(DERIVED_FILE_DIR)/Pods-UCPlanKit-checkManifestLockResult.txt",
			);
			runOnlyForDeploymentPostprocessing = 0;
			shellPath = /bin/sh;
			shellScript = "diff \"${PODS_PODFILE_DIR_PATH}/Podfile.lock\" \"${PODS_ROOT}/Manifest.lock\" > /dev/null\nif [ $? != 0 ] ; then\n    # print error to STDERR\n    echo \"error: The sandbox is not in sync with the Podfile.lock. Run 'pod install' or update your CocoaPods installation.\" >&2\n    exit 1\nfi\n# This output is used by Xcode 'outputs' to avoid re-running this script phase.\necho \"SUCCESS\" > \"${SCRIPT_OUTPUT_FILE_0}\"\n";
			showEnvVarsInLog = 0;
		};
/* End PBXShellScriptBuildPhase section */

/* Begin PBXSourcesBuildPhase section */
		A6C5D41520DA27430064723C /* Sources */ = {
			isa = PBXSourcesBuildPhase;
			buildActionMask = 2147483647;
			files = (
				A6C5D42120DA27430064723C /* ViewController.m in Sources */,
				A6B98B0820DC8D1300D7368C /* UIImageView+UCPlanKitExtra.m in Sources */,
				A6B98A7F20DB4F8900D7368C /* UCPlanKitMediator+TargetAModule.m in Sources */,
				A6B98B0420DC8D1300D7368C /* UIColor+UCPlanKitExtra.m in Sources */,
				A6C5D42C20DA27440064723C /* main.m in Sources */,
				A6B98B0720DC8D1300D7368C /* UIFont+UCPlanKitExtra.m in Sources */,
				A6B98B0920DC8D1300D7368C /* UIViewController+UCPlanKitExtra.m in Sources */,
				A6B98B0320DC8D1300D7368C /* UIWebView+UCPlanKitExtra.m in Sources */,
				A6B98B0D20DC8D1300D7368C /* UCPlanKitMediator.m in Sources */,
				A625BD26210B3F8600BF9481 /* UIView+UCPlanKitGesture.m in Sources */,
				A6B98A7B20DB4E9700D7368C /* VC1.m in Sources */,
				A6B98B0520DC8D1300D7368C /* UIImage+UCPlanKitExtra.m in Sources */,
				A6F03A4A210B614600836DA9 /* NSString+UCPlanKitExtra.m in Sources */,
				A6B98B0220DC8D1300D7368C /* UITableViewCell+UCPlanKitExtra.m in Sources */,
				A6B98A7320DB47AA00D7368C /* TargetA.m in Sources */,
				A6B98B0620DC8D1300D7368C /* UIView+UCPlanKitExtra.m in Sources */,
				A6B98B0B20DC8D1300D7368C /* UCPlanKitMediaorParser.m in Sources */,
				A6C5D41E20DA27430064723C /* AppDelegate.m in Sources */,
				A6B98B0120DC8D1300D7368C /* UILabel+UCPlanKitExtra.m in Sources */,
				A6B98B0A20DC8D1300D7368C /* UCPlanKitBaseTargetNormalArgument.m in Sources */,
				A625BD22210B3A9300BF9481 /* NSObject+UCPlanKitExtra.m in Sources */,
				A6B98B0C20DC8D1300D7368C /* UCPlanKitResource.m in Sources */,
			);
			runOnlyForDeploymentPostprocessing = 0;
		};
/* End PBXSourcesBuildPhase section */

/* Begin PBXVariantGroup section */
		A6C5D42220DA27430064723C /* Main.storyboard */ = {
			isa = PBXVariantGroup;
			children = (
				A6C5D42320DA27430064723C /* Base */,
			);
			name = Main.storyboard;
			sourceTree = "<group>";
		};
		A6C5D42720DA27440064723C /* LaunchScreen.storyboard */ = {
			isa = PBXVariantGroup;
			children = (
				A6C5D42820DA27440064723C /* Base */,
			);
			name = LaunchScreen.storyboard;
			sourceTree = "<group>";
		};
/* End PBXVariantGroup section */

/* Begin XCBuildConfiguration section */
		A6C5D42D20DA27440064723C /* Debug */ = {
			isa = XCBuildConfiguration;
			buildSettings = {
				ALWAYS_SEARCH_USER_PATHS = NO;
				CLANG_ANALYZER_NONNULL = YES;
				CLANG_ANALYZER_NUMBER_OBJECT_CONVERSION = YES_AGGRESSIVE;
				CLANG_CXX_LANGUAGE_STANDARD = "gnu++14";
				CLANG_CXX_LIBRARY = "libc++";
				CLANG_ENABLE_MODULES = YES;
				CLANG_ENABLE_OBJC_ARC = YES;
				CLANG_ENABLE_OBJC_WEAK = YES;
				CLANG_WARN_BLOCK_CAPTURE_AUTORELEASING = YES;
				CLANG_WARN_BOOL_CONVERSION = YES;
				CLANG_WARN_COMMA = YES;
				CLANG_WARN_CONSTANT_CONVERSION = YES;
				CLANG_WARN_DEPRECATED_OBJC_IMPLEMENTATIONS = YES;
				CLANG_WARN_DIRECT_OBJC_ISA_USAGE = YES_ERROR;
				CLANG_WARN_DOCUMENTATION_COMMENTS = YES;
				CLANG_WARN_EMPTY_BODY = YES;
				CLANG_WARN_ENUM_CONVERSION = YES;
				CLANG_WARN_INFINITE_RECURSION = YES;
				CLANG_WARN_INT_CONVERSION = YES;
				CLANG_WARN_NON_LITERAL_NULL_CONVERSION = YES;
				CLANG_WARN_OBJC_IMPLICIT_RETAIN_SELF = YES;
				CLANG_WARN_OBJC_LITERAL_CONVERSION = YES;
				CLANG_WARN_OBJC_ROOT_CLASS = YES_ERROR;
				CLANG_WARN_RANGE_LOOP_ANALYSIS = YES;
				CLANG_WARN_STRICT_PROTOTYPES = YES;
				CLANG_WARN_SUSPICIOUS_MOVE = YES;
				CLANG_WARN_UNGUARDED_AVAILABILITY = YES_AGGRESSIVE;
				CLANG_WARN_UNREACHABLE_CODE = YES;
				CLANG_WARN__DUPLICATE_METHOD_MATCH = YES;
				CODE_SIGN_IDENTITY = "iPhone Developer";
				COPY_PHASE_STRIP = NO;
				DEBUG_INFORMATION_FORMAT = dwarf;
				ENABLE_STRICT_OBJC_MSGSEND = YES;
				ENABLE_TESTABILITY = YES;
				GCC_C_LANGUAGE_STANDARD = gnu11;
				GCC_DYNAMIC_NO_PIC = NO;
				GCC_NO_COMMON_BLOCKS = YES;
				GCC_OPTIMIZATION_LEVEL = 0;
				GCC_PREPROCESSOR_DEFINITIONS = (
					"DEBUG=1",
					"$(inherited)",
				);
				GCC_WARN_64_TO_32_BIT_CONVERSION = YES;
				GCC_WARN_ABOUT_RETURN_TYPE = YES_ERROR;
				GCC_WARN_UNDECLARED_SELECTOR = YES;
				GCC_WARN_UNINITIALIZED_AUTOS = YES_AGGRESSIVE;
				GCC_WARN_UNUSED_FUNCTION = YES;
				GCC_WARN_UNUSED_VARIABLE = YES;
				IPHONEOS_DEPLOYMENT_TARGET = 11.3;
				MTL_ENABLE_DEBUG_INFO = YES;
				ONLY_ACTIVE_ARCH = YES;
				SDKROOT = iphoneos;
			};
			name = Debug;
		};
		A6C5D42E20DA27440064723C /* Release */ = {
			isa = XCBuildConfiguration;
			buildSettings = {
				ALWAYS_SEARCH_USER_PATHS = NO;
				CLANG_ANALYZER_NONNULL = YES;
				CLANG_ANALYZER_NUMBER_OBJECT_CONVERSION = YES_AGGRESSIVE;
				CLANG_CXX_LANGUAGE_STANDARD = "gnu++14";
				CLANG_CXX_LIBRARY = "libc++";
				CLANG_ENABLE_MODULES = YES;
				CLANG_ENABLE_OBJC_ARC = YES;
				CLANG_ENABLE_OBJC_WEAK = YES;
				CLANG_WARN_BLOCK_CAPTURE_AUTORELEASING = YES;
				CLANG_WARN_BOOL_CONVERSION = YES;
				CLANG_WARN_COMMA = YES;
				CLANG_WARN_CONSTANT_CONVERSION = YES;
				CLANG_WARN_DEPRECATED_OBJC_IMPLEMENTATIONS = YES;
				CLANG_WARN_DIRECT_OBJC_ISA_USAGE = YES_ERROR;
				CLANG_WARN_DOCUMENTATION_COMMENTS = YES;
				CLANG_WARN_EMPTY_BODY = YES;
				CLANG_WARN_ENUM_CONVERSION = YES;
				CLANG_WARN_INFINITE_RECURSION = YES;
				CLANG_WARN_INT_CONVERSION = YES;
				CLANG_WARN_NON_LITERAL_NULL_CONVERSION = YES;
				CLANG_WARN_OBJC_IMPLICIT_RETAIN_SELF = YES;
				CLANG_WARN_OBJC_LITERAL_CONVERSION = YES;
				CLANG_WARN_OBJC_ROOT_CLASS = YES_ERROR;
				CLANG_WARN_RANGE_LOOP_ANALYSIS = YES;
				CLANG_WARN_STRICT_PROTOTYPES = YES;
				CLANG_WARN_SUSPICIOUS_MOVE = YES;
				CLANG_WARN_UNGUARDED_AVAILABILITY = YES_AGGRESSIVE;
				CLANG_WARN_UNREACHABLE_CODE = YES;
				CLANG_WARN__DUPLICATE_METHOD_MATCH = YES;
				CODE_SIGN_IDENTITY = "iPhone Developer";
				COPY_PHASE_STRIP = NO;
				DEBUG_INFORMATION_FORMAT = "dwarf-with-dsym";
				ENABLE_NS_ASSERTIONS = NO;
				ENABLE_STRICT_OBJC_MSGSEND = YES;
				GCC_C_LANGUAGE_STANDARD = gnu11;
				GCC_NO_COMMON_BLOCKS = YES;
				GCC_WARN_64_TO_32_BIT_CONVERSION = YES;
				GCC_WARN_ABOUT_RETURN_TYPE = YES_ERROR;
				GCC_WARN_UNDECLARED_SELECTOR = YES;
				GCC_WARN_UNINITIALIZED_AUTOS = YES_AGGRESSIVE;
				GCC_WARN_UNUSED_FUNCTION = YES;
				GCC_WARN_UNUSED_VARIABLE = YES;
				IPHONEOS_DEPLOYMENT_TARGET = 11.3;
				MTL_ENABLE_DEBUG_INFO = NO;
				SDKROOT = iphoneos;
				VALIDATE_PRODUCT = YES;
			};
			name = Release;
		};
		A6C5D43020DA27440064723C /* Debug */ = {
			isa = XCBuildConfiguration;
			baseConfigurationReference = E0B68561ECAEC233ADB5FE72 /* Pods-UCPlanKit.debug.xcconfig */;
			buildSettings = {
				ALWAYS_SEARCH_USER_PATHS = NO;
				ASSETCATALOG_COMPILER_APPICON_NAME = AppIcon;
				CODE_SIGN_STYLE = Automatic;
				INFOPLIST_FILE = UCPlanKit/Info.plist;
				IPHONEOS_DEPLOYMENT_TARGET = 9.3;
				LD_RUNPATH_SEARCH_PATHS = (
					"$(inherited)",
					"@executable_path/Frameworks",
				);
				PRODUCT_BUNDLE_IDENTIFIER = RPGLiker.UCPlanKit;
				PRODUCT_NAME = "$(TARGET_NAME)";
				TARGETED_DEVICE_FAMILY = "1,2";
			};
			name = Debug;
		};
		A6C5D43120DA27440064723C /* Release */ = {
			isa = XCBuildConfiguration;
			baseConfigurationReference = 9827E1B6FF6102372D088617 /* Pods-UCPlanKit.release.xcconfig */;
			buildSettings = {
				ALWAYS_SEARCH_USER_PATHS = NO;
				ASSETCATALOG_COMPILER_APPICON_NAME = AppIcon;
				CODE_SIGN_STYLE = Automatic;
				INFOPLIST_FILE = UCPlanKit/Info.plist;
				IPHONEOS_DEPLOYMENT_TARGET = 9.3;
				LD_RUNPATH_SEARCH_PATHS = (
					"$(inherited)",
					"@executable_path/Frameworks",
				);
				PRODUCT_BUNDLE_IDENTIFIER = RPGLiker.UCPlanKit;
				PRODUCT_NAME = "$(TARGET_NAME)";
				TARGETED_DEVICE_FAMILY = "1,2";
			};
			name = Release;
		};
/* End XCBuildConfiguration section */

/* Begin XCConfigurationList section */
		A6C5D41420DA27430064723C /* Build configuration list for PBXProject "UCPlanKit" */ = {
			isa = XCConfigurationList;
			buildConfigurations = (
				A6C5D42D20DA27440064723C /* Debug */,
				A6C5D42E20DA27440064723C /* Release */,
			);
			defaultConfigurationIsVisible = 0;
			defaultConfigurationName = Release;
		};
		A6C5D42F20DA27440064723C /* Build configuration list for PBXNativeTarget "UCPlanKit" */ = {
			isa = XCConfigurationList;
			buildConfigurations = (
				A6C5D43020DA27440064723C /* Debug */,
				A6C5D43120DA27440064723C /* Release */,
			);
			defaultConfigurationIsVisible = 0;
			defaultConfigurationName = Release;
		};
/* End XCConfigurationList section */
	};
	rootObject = A6C5D41120DA27430064723C /* Project object */;
}
