// !$*UTF8*$!
{
	archiveVersion = 1;
	classes = {
	};
	objectVersion = 50;
	objects = {

/* Begin PBXBuildFile section */
		A6B763A320DA3C7500C2E89C /* UCPlanKitMediator.m in Sources */ = {isa = PBXBuildFile; fileRef = A6B763A220DA3C7500C2E89C /* UCPlanKitMediator.m */; };
		A6B763A620DA40C000C2E89C /* UCPlanKitMediaorParser.m in Sources */ = {isa = PBXBuildFile; fileRef = A6B763A520DA40C000C2E89C /* UCPlanKitMediaorParser.m */; };
		A6B98A7320DB47AA00D7368C /* TargetA.m in Sources */ = {isa = PBXBuildFile; fileRef = A6B98A7220DB47AA00D7368C /* TargetA.m */; };
		A6B98A7720DB4A7000D7368C /* UCPlanKitBaseTargetNormalArgument.m in Sources */ = {isa = PBXBuildFile; fileRef = A6B98A7620DB4A7000D7368C /* UCPlanKitBaseTargetNormalArgument.m */; };
		A6B98A7B20DB4E9700D7368C /* VC1.m in Sources */ = {isa = PBXBuildFile; fileRef = A6B98A7920DB4E9700D7368C /* VC1.m */; };
		A6B98A7C20DB4E9700D7368C /* VC1.xib in Resources */ = {isa = PBXBuildFile; fileRef = A6B98A7A20DB4E9700D7368C /* VC1.xib */; };
		A6B98A7F20DB4F8900D7368C /* UCPlanKitMediator+TargetAModule.m in Sources */ = {isa = PBXBuildFile; fileRef = A6B98A7E20DB4F8900D7368C /* UCPlanKitMediator+TargetAModule.m */; };
		A6C5D41E20DA27430064723C /* AppDelegate.m in Sources */ = {isa = PBXBuildFile; fileRef = A6C5D41D20DA27430064723C /* AppDelegate.m */; };
		A6C5D42120DA27430064723C /* ViewController.m in Sources */ = {isa = PBXBuildFile; fileRef = A6C5D42020DA27430064723C /* ViewController.m */; };
		A6C5D42420DA27430064723C /* Main.storyboard in Resources */ = {isa = PBXBuildFile; fileRef = A6C5D42220DA27430064723C /* Main.storyboard */; };
		A6C5D42620DA27430064723C /* Assets.xcassets in Resources */ = {isa = PBXBuildFile; fileRef = A6C5D42520DA27430064723C /* Assets.xcassets */; };
		A6C5D42920DA27440064723C /* LaunchScreen.storyboard in Resources */ = {isa = PBXBuildFile; fileRef = A6C5D42720DA27440064723C /* LaunchScreen.storyboard */; };
		A6C5D42C20DA27440064723C /* main.m in Sources */ = {isa = PBXBuildFile; fileRef = A6C5D42B20DA27440064723C /* main.m */; };
		A6C5D43920DA29440064723C /* UILabel+UCPlanKitExtra.m in Sources */ = {isa = PBXBuildFile; fileRef = A6C5D43820DA29440064723C /* UILabel+UCPlanKitExtra.m */; };
		A6C5D43C20DA296B0064723C /* UIColor+UCPlanKitExtra.m in Sources */ = {isa = PBXBuildFile; fileRef = A6C5D43B20DA296B0064723C /* UIColor+UCPlanKitExtra.m */; };
		A6C5D43F20DA29910064723C /* UIFont+UCPlanKitExtra.m in Sources */ = {isa = PBXBuildFile; fileRef = A6C5D43E20DA29910064723C /* UIFont+UCPlanKitExtra.m */; };
		A6C5D44220DA29C80064723C /* UIImage+UCPlanKitExtra.m in Sources */ = {isa = PBXBuildFile; fileRef = A6C5D44120DA29C80064723C /* UIImage+UCPlanKitExtra.m */; };
		A6C5D44520DA29EA0064723C /* UIImageView+UCPlanKitExtra.m in Sources */ = {isa = PBXBuildFile; fileRef = A6C5D44420DA29EA0064723C /* UIImageView+UCPlanKitExtra.m */; };
		A6C5D44820DA2A230064723C /* UIView+UCPlanKitExtra.m in Sources */ = {isa = PBXBuildFile; fileRef = A6C5D44720DA2A230064723C /* UIView+UCPlanKitExtra.m */; };
		A6C5D44B20DA2A510064723C /* UITableViewCell+UCPlanKitExtra.m in Sources */ = {isa = PBXBuildFile; fileRef = A6C5D44A20DA2A510064723C /* UITableViewCell+UCPlanKitExtra.m */; };
		A6C5D44E20DA2A6D0064723C /* UIWebView+UCPlanKitExtra.m in Sources */ = {isa = PBXBuildFile; fileRef = A6C5D44D20DA2A6D0064723C /* UIWebView+UCPlanKitExtra.m */; };
		A6C5D45120DA2A9F0064723C /* UIViewController+UCPlanKitExtra.m in Sources */ = {isa = PBXBuildFile; fileRef = A6C5D45020DA2A9F0064723C /* UIViewController+UCPlanKitExtra.m */; };
/* End PBXBuildFile section */

/* Begin PBXFileReference section */
		A6B763A120DA3C7500C2E89C /* UCPlanKitMediator.h */ = {isa = PBXFileReference; lastKnownFileType = sourcecode.c.h; path = UCPlanKitMediator.h; sourceTree = "<group>"; };
		A6B763A220DA3C7500C2E89C /* UCPlanKitMediator.m */ = {isa = PBXFileReference; lastKnownFileType = sourcecode.c.objc; path = UCPlanKitMediator.m; sourceTree = "<group>"; };
		A6B763A420DA40C000C2E89C /* UCPlanKitMediaorParser.h */ = {isa = PBXFileReference; lastKnownFileType = sourcecode.c.h; path = UCPlanKitMediaorParser.h; sourceTree = "<group>"; };
		A6B763A520DA40C000C2E89C /* UCPlanKitMediaorParser.m */ = {isa = PBXFileReference; lastKnownFileType = sourcecode.c.objc; path = UCPlanKitMediaorParser.m; sourceTree = "<group>"; };
		A6B763A720DA58E800C2E89C /* UCPlanKit.h */ = {isa = PBXFileReference; lastKnownFileType = sourcecode.c.h; path = UCPlanKit.h; sourceTree = "<group>"; };
		A6B98A6F20DB353100D7368C /* UCPlanKitBaseTargetProtocol.h */ = {isa = PBXFileReference; lastKnownFileType = sourcecode.c.h; path = UCPlanKitBaseTargetProtocol.h; sourceTree = "<group>"; };
		A6B98A7120DB47AA00D7368C /* TargetA.h */ = {isa = PBXFileReference; lastKnownFileType = sourcecode.c.h; path = TargetA.h; sourceTree = "<group>"; };
		A6B98A7220DB47AA00D7368C /* TargetA.m */ = {isa = PBXFileReference; lastKnownFileType = sourcecode.c.objc; path = TargetA.m; sourceTree = "<group>"; };
		A6B98A7520DB4A7000D7368C /* UCPlanKitBaseTargetNormalArgument.h */ = {isa = PBXFileReference; lastKnownFileType = sourcecode.c.h; path = UCPlanKitBaseTargetNormalArgument.h; sourceTree = "<group>"; };
		A6B98A7620DB4A7000D7368C /* UCPlanKitBaseTargetNormalArgument.m */ = {isa = PBXFileReference; lastKnownFileType = sourcecode.c.objc; path = UCPlanKitBaseTargetNormalArgument.m; sourceTree = "<group>"; };
		A6B98A7820DB4E9700D7368C /* VC1.h */ = {isa = PBXFileReference; lastKnownFileType = sourcecode.c.h; path = VC1.h; sourceTree = "<group>"; };
		A6B98A7920DB4E9700D7368C /* VC1.m */ = {isa = PBXFileReference; lastKnownFileType = sourcecode.c.objc; path = VC1.m; sourceTree = "<group>"; };
		A6B98A7A20DB4E9700D7368C /* VC1.xib */ = {isa = PBXFileReference; lastKnownFileType = file.xib; path = VC1.xib; sourceTree = "<group>"; };
		A6B98A7D20DB4F8900D7368C /* UCPlanKitMediator+TargetAModule.h */ = {isa = PBXFileReference; lastKnownFileType = sourcecode.c.h; path = "UCPlanKitMediator+TargetAModule.h"; sourceTree = "<group>"; };
		A6B98A7E20DB4F8900D7368C /* UCPlanKitMediator+TargetAModule.m */ = {isa = PBXFileReference; lastKnownFileType = sourcecode.c.objc; path = "UCPlanKitMediator+TargetAModule.m"; sourceTree = "<group>"; };
		A6C5D41920DA27430064723C /* UCPlanKit.app */ = {isa = PBXFileReference; explicitFileType = wrapper.application; includeInIndex = 0; path = UCPlanKit.app; sourceTree = BUILT_PRODUCTS_DIR; };
		A6C5D41C20DA27430064723C /* AppDelegate.h */ = {isa = PBXFileReference; lastKnownFileType = sourcecode.c.h; path = AppDelegate.h; sourceTree = "<group>"; };
		A6C5D41D20DA27430064723C /* AppDelegate.m */ = {isa = PBXFileReference; lastKnownFileType = sourcecode.c.objc; path = AppDelegate.m; sourceTree = "<group>"; };
		A6C5D41F20DA27430064723C /* ViewController.h */ = {isa = PBXFileReference; lastKnownFileType = sourcecode.c.h; path = ViewController.h; sourceTree = "<group>"; };
		A6C5D42020DA27430064723C /* ViewController.m */ = {isa = PBXFileReference; lastKnownFileType = sourcecode.c.objc; path = ViewController.m; sourceTree = "<group>"; };
		A6C5D42320DA27430064723C /* Base */ = {isa = PBXFileReference; lastKnownFileType = file.storyboard; name = Base; path = Base.lproj/Main.storyboard; sourceTree = "<group>"; };
		A6C5D42520DA27430064723C /* Assets.xcassets */ = {isa = PBXFileReference; lastKnownFileType = folder.assetcatalog; path = Assets.xcassets; sourceTree = "<group>"; };
		A6C5D42820DA27440064723C /* Base */ = {isa = PBXFileReference; lastKnownFileType = file.storyboard; name = Base; path = Base.lproj/LaunchScreen.storyboard; sourceTree = "<group>"; };
		A6C5D42A20DA27440064723C /* Info.plist */ = {isa = PBXFileReference; lastKnownFileType = text.plist.xml; path = Info.plist; sourceTree = "<group>"; };
		A6C5D42B20DA27440064723C /* main.m */ = {isa = PBXFileReference; lastKnownFileType = sourcecode.c.objc; path = main.m; sourceTree = "<group>"; };
		A6C5D43720DA29440064723C /* UILabel+UCPlanKitExtra.h */ = {isa = PBXFileReference; lastKnownFileType = sourcecode.c.h; path = "UILabel+UCPlanKitExtra.h"; sourceTree = "<group>"; };
		A6C5D43820DA29440064723C /* UILabel+UCPlanKitExtra.m */ = {isa = PBXFileReference; lastKnownFileType = sourcecode.c.objc; path = "UILabel+UCPlanKitExtra.m"; sourceTree = "<group>"; };
		A6C5D43A20DA296B0064723C /* UIColor+UCPlanKitExtra.h */ = {isa = PBXFileReference; lastKnownFileType = sourcecode.c.h; path = "UIColor+UCPlanKitExtra.h"; sourceTree = "<group>"; };
		A6C5D43B20DA296B0064723C /* UIColor+UCPlanKitExtra.m */ = {isa = PBXFileReference; lastKnownFileType = sourcecode.c.objc; path = "UIColor+UCPlanKitExtra.m"; sourceTree = "<group>"; };
		A6C5D43D20DA29910064723C /* UIFont+UCPlanKitExtra.h */ = {isa = PBXFileReference; lastKnownFileType = sourcecode.c.h; path = "UIFont+UCPlanKitExtra.h"; sourceTree = "<group>"; };
		A6C5D43E20DA29910064723C /* UIFont+UCPlanKitExtra.m */ = {isa = PBXFileReference; lastKnownFileType = sourcecode.c.objc; path = "UIFont+UCPlanKitExtra.m"; sourceTree = "<group>"; };
		A6C5D44020DA29C80064723C /* UIImage+UCPlanKitExtra.h */ = {isa = PBXFileReference; lastKnownFileType = sourcecode.c.h; path = "UIImage+UCPlanKitExtra.h"; sourceTree = "<group>"; };
		A6C5D44120DA29C80064723C /* UIImage+UCPlanKitExtra.m */ = {isa = PBXFileReference; lastKnownFileType = sourcecode.c.objc; path = "UIImage+UCPlanKitExtra.m"; sourceTree = "<group>"; };
		A6C5D44320DA29EA0064723C /* UIImageView+UCPlanKitExtra.h */ = {isa = PBXFileReference; lastKnownFileType = sourcecode.c.h; path = "UIImageView+UCPlanKitExtra.h"; sourceTree = "<group>"; };
		A6C5D44420DA29EA0064723C /* UIImageView+UCPlanKitExtra.m */ = {isa = PBXFileReference; lastKnownFileType = sourcecode.c.objc; path = "UIImageView+UCPlanKitExtra.m"; sourceTree = "<group>"; };
		A6C5D44620DA2A230064723C /* UIView+UCPlanKitExtra.h */ = {isa = PBXFileReference; lastKnownFileType = sourcecode.c.h; path = "UIView+UCPlanKitExtra.h"; sourceTree = "<group>"; };
		A6C5D44720DA2A230064723C /* UIView+UCPlanKitExtra.m */ = {isa = PBXFileReference; lastKnownFileType = sourcecode.c.objc; path = "UIView+UCPlanKitExtra.m"; sourceTree = "<group>"; };
		A6C5D44920DA2A510064723C /* UITableViewCell+UCPlanKitExtra.h */ = {isa = PBXFileReference; lastKnownFileType = sourcecode.c.h; path = "UITableViewCell+UCPlanKitExtra.h"; sourceTree = "<group>"; };
		A6C5D44A20DA2A510064723C /* UITableViewCell+UCPlanKitExtra.m */ = {isa = PBXFileReference; lastKnownFileType = sourcecode.c.objc; path = "UITableViewCell+UCPlanKitExtra.m"; sourceTree = "<group>"; };
		A6C5D44C20DA2A6D0064723C /* UIWebView+UCPlanKitExtra.h */ = {isa = PBXFileReference; lastKnownFileType = sourcecode.c.h; path = "UIWebView+UCPlanKitExtra.h"; sourceTree = "<group>"; };
		A6C5D44D20DA2A6D0064723C /* UIWebView+UCPlanKitExtra.m */ = {isa = PBXFileReference; lastKnownFileType = sourcecode.c.objc; path = "UIWebView+UCPlanKitExtra.m"; sourceTree = "<group>"; };
		A6C5D44F20DA2A9F0064723C /* UIViewController+UCPlanKitExtra.h */ = {isa = PBXFileReference; lastKnownFileType = sourcecode.c.h; path = "UIViewController+UCPlanKitExtra.h"; sourceTree = "<group>"; };
		A6C5D45020DA2A9F0064723C /* UIViewController+UCPlanKitExtra.m */ = {isa = PBXFileReference; lastKnownFileType = sourcecode.c.objc; path = "UIViewController+UCPlanKitExtra.m"; sourceTree = "<group>"; };
		A6C5D45220DA2C690064723C /* UCPlanKitMacro.h */ = {isa = PBXFileReference; lastKnownFileType = sourcecode.c.h; path = UCPlanKitMacro.h; sourceTree = "<group>"; };
/* End PBXFileReference section */

/* Begin PBXFrameworksBuildPhase section */
		A6C5D41620DA27430064723C /* Frameworks */ = {
			isa = PBXFrameworksBuildPhase;
			buildActionMask = 2147483647;
			files = (
			);
			runOnlyForDeploymentPostprocessing = 0;
		};
/* End PBXFrameworksBuildPhase section */

/* Begin PBXGroup section */
		A6B7639F20DA3C5B00C2E89C /* Mediator */ = {
			isa = PBXGroup;
			children = (
				A6B763A120DA3C7500C2E89C /* UCPlanKitMediator.h */,
				A6B763A220DA3C7500C2E89C /* UCPlanKitMediator.m */,
			);
			name = Mediator;
			path = UCPlanKit/Mediator;
			sourceTree = "<group>";
		};
		A6B763A020DA3C5B00C2E89C /* MediatorParser */ = {
			isa = PBXGroup;
			children = (
				A6B763A420DA40C000C2E89C /* UCPlanKitMediaorParser.h */,
				A6B763A520DA40C000C2E89C /* UCPlanKitMediaorParser.m */,
			);
			name = MediatorParser;
			path = UCPlanKit/MediatorParser;
			sourceTree = "<group>";
		};
		A6B98A7420DB4A4C00D7368C /* SomeObj */ = {
			isa = PBXGroup;
			children = (
				A6B98A7520DB4A7000D7368C /* UCPlanKitBaseTargetNormalArgument.h */,
				A6B98A7620DB4A7000D7368C /* UCPlanKitBaseTargetNormalArgument.m */,
			);
			name = SomeObj;
			path = UCPlanKit/SomeObj;
			sourceTree = "<group>";
		};
		A6C5D41020DA27430064723C = {
			isa = PBXGroup;
			children = (
				A6C5D41B20DA27430064723C /* UCPlanKit */,
				A6C5D41A20DA27430064723C /* Products */,
			);
			sourceTree = "<group>";
		};
		A6C5D41A20DA27430064723C /* Products */ = {
			isa = PBXGroup;
			children = (
				A6C5D41920DA27430064723C /* UCPlanKit.app */,
			);
			name = Products;
			sourceTree = "<group>";
		};
		A6C5D41B20DA27430064723C /* UCPlanKit */ = {
			isa = PBXGroup;
			children = (
				A6B763A720DA58E800C2E89C /* UCPlanKit.h */,
				A6B98A7420DB4A4C00D7368C /* SomeObj */,
				A6B7639F20DA3C5B00C2E89C /* Mediator */,
				A6B763A020DA3C5B00C2E89C /* MediatorParser */,
				A6C5D43620DA28FA0064723C /* Category */,
				A6C5D43520DA28FA0064723C /* Macro */,
				A6C5D43320DA28FA0064723C /* Protocol */,
				A6C5D43420DA28FA0064723C /* Resource */,
				A6C5D41C20DA27430064723C /* AppDelegate.h */,
				A6C5D41D20DA27430064723C /* AppDelegate.m */,
				A6C5D41F20DA27430064723C /* ViewController.h */,
				A6C5D42020DA27430064723C /* ViewController.m */,
				A6B98A7D20DB4F8900D7368C /* UCPlanKitMediator+TargetAModule.h */,
				A6B98A7E20DB4F8900D7368C /* UCPlanKitMediator+TargetAModule.m */,
				A6B98A7120DB47AA00D7368C /* TargetA.h */,
				A6B98A7220DB47AA00D7368C /* TargetA.m */,
				A6B98A7820DB4E9700D7368C /* VC1.h */,
				A6B98A7920DB4E9700D7368C /* VC1.m */,
				A6B98A7A20DB4E9700D7368C /* VC1.xib */,
				A6C5D42220DA27430064723C /* Main.storyboard */,
				A6C5D42520DA27430064723C /* Assets.xcassets */,
				A6C5D42720DA27440064723C /* LaunchScreen.storyboard */,
				A6C5D42A20DA27440064723C /* Info.plist */,
				A6C5D42B20DA27440064723C /* main.m */,
			);
			path = UCPlanKit;
			sourceTree = "<group>";
		};
		A6C5D43320DA28FA0064723C /* Protocol */ = {
			isa = PBXGroup;
			children = (
				A6B98A6F20DB353100D7368C /* UCPlanKitBaseTargetProtocol.h */,
			);
			name = Protocol;
			path = UCPlanKit/Protocol;
			sourceTree = "<group>";
		};
		A6C5D43420DA28FA0064723C /* Resource */ = {
			isa = PBXGroup;
			children = (
			);
			name = Resource;
			path = UCPlanKit/Resource;
			sourceTree = "<group>";
		};
		A6C5D43520DA28FA0064723C /* Macro */ = {
			isa = PBXGroup;
			children = (
				A6C5D45220DA2C690064723C /* UCPlanKitMacro.h */,
			);
			name = Macro;
			path = UCPlanKit/Macro;
			sourceTree = "<group>";
		};
		A6C5D43620DA28FA0064723C /* Category */ = {
			isa = PBXGroup;
			children = (
				A6C5D43720DA29440064723C /* UILabel+UCPlanKitExtra.h */,
				A6C5D43820DA29440064723C /* UILabel+UCPlanKitExtra.m */,
				A6C5D43A20DA296B0064723C /* UIColor+UCPlanKitExtra.h */,
				A6C5D43B20DA296B0064723C /* UIColor+UCPlanKitExtra.m */,
				A6C5D43D20DA29910064723C /* UIFont+UCPlanKitExtra.h */,
				A6C5D43E20DA29910064723C /* UIFont+UCPlanKitExtra.m */,
				A6C5D44020DA29C80064723C /* UIImage+UCPlanKitExtra.h */,
				A6C5D44120DA29C80064723C /* UIImage+UCPlanKitExtra.m */,
				A6C5D44320DA29EA0064723C /* UIImageView+UCPlanKitExtra.h */,
				A6C5D44420DA29EA0064723C /* UIImageView+UCPlanKitExtra.m */,
				A6C5D44620DA2A230064723C /* UIView+UCPlanKitExtra.h */,
				A6C5D44720DA2A230064723C /* UIView+UCPlanKitExtra.m */,
				A6C5D44920DA2A510064723C /* UITableViewCell+UCPlanKitExtra.h */,
				A6C5D44A20DA2A510064723C /* UITableViewCell+UCPlanKitExtra.m */,
				A6C5D44C20DA2A6D0064723C /* UIWebView+UCPlanKitExtra.h */,
				A6C5D44D20DA2A6D0064723C /* UIWebView+UCPlanKitExtra.m */,
				A6C5D44F20DA2A9F0064723C /* UIViewController+UCPlanKitExtra.h */,
				A6C5D45020DA2A9F0064723C /* UIViewController+UCPlanKitExtra.m */,
			);
			name = Category;
			path = UCPlanKit/Category;
			sourceTree = "<group>";
		};
/* End PBXGroup section */

/* Begin PBXNativeTarget section */
		A6C5D41820DA27430064723C /* UCPlanKit */ = {
			isa = PBXNativeTarget;
			buildConfigurationList = A6C5D42F20DA27440064723C /* Build configuration list for PBXNativeTarget "UCPlanKit" */;
			buildPhases = (
				A6C5D41520DA27430064723C /* Sources */,
				A6C5D41620DA27430064723C /* Frameworks */,
				A6C5D41720DA27430064723C /* Resources */,
			);
			buildRules = (
			);
			dependencies = (
			);
			name = UCPlanKit;
			productName = UCPlanKit;
			productReference = A6C5D41920DA27430064723C /* UCPlanKit.app */;
			productType = "com.apple.product-type.application";
		};
/* End PBXNativeTarget section */

/* Begin PBXProject section */
		A6C5D41120DA27430064723C /* Project object */ = {
			isa = PBXProject;
			attributes = {
				CLASSPREFIX = UCPlanKit;
				LastUpgradeCheck = 0930;
				ORGANIZATIONNAME = RPGLiker;
				TargetAttributes = {
					A6C5D41820DA27430064723C = {
						CreatedOnToolsVersion = 9.3;
					};
				};
			};
			buildConfigurationList = A6C5D41420DA27430064723C /* Build configuration list for PBXProject "UCPlanKit" */;
			compatibilityVersion = "Xcode 9.3";
			developmentRegion = en;
			hasScannedForEncodings = 0;
			knownRegions = (
				en,
				Base,
			);
			mainGroup = A6C5D41020DA27430064723C;
			productRefGroup = A6C5D41A20DA27430064723C /* Products */;
			projectDirPath = "";
			projectRoot = "";
			targets = (
				A6C5D41820DA27430064723C /* UCPlanKit */,
			);
		};
/* End PBXProject section */

/* Begin PBXResourcesBuildPhase section */
		A6C5D41720DA27430064723C /* Resources */ = {
			isa = PBXResourcesBuildPhase;
			buildActionMask = 2147483647;
			files = (
				A6C5D42920DA27440064723C /* LaunchScreen.storyboard in Resources */,
				A6C5D42620DA27430064723C /* Assets.xcassets in Resources */,
				A6B98A7C20DB4E9700D7368C /* VC1.xib in Resources */,
				A6C5D42420DA27430064723C /* Main.storyboard in Resources */,
			);
			runOnlyForDeploymentPostprocessing = 0;
		};
/* End PBXResourcesBuildPhase section */

/* Begin PBXSourcesBuildPhase section */
		A6C5D41520DA27430064723C /* Sources */ = {
			isa = PBXSourcesBuildPhase;
			buildActionMask = 2147483647;
			files = (
				A6C5D44820DA2A230064723C /* UIView+UCPlanKitExtra.m in Sources */,
				A6C5D42120DA27430064723C /* ViewController.m in Sources */,
				A6B763A620DA40C000C2E89C /* UCPlanKitMediaorParser.m in Sources */,
				A6B98A7F20DB4F8900D7368C /* UCPlanKitMediator+TargetAModule.m in Sources */,
				A6C5D42C20DA27440064723C /* main.m in Sources */,
				A6C5D43C20DA296B0064723C /* UIColor+UCPlanKitExtra.m in Sources */,
				A6C5D44220DA29C80064723C /* UIImage+UCPlanKitExtra.m in Sources */,
				A6B98A7B20DB4E9700D7368C /* VC1.m in Sources */,
				A6B98A7320DB47AA00D7368C /* TargetA.m in Sources */,
				A6C5D41E20DA27430064723C /* AppDelegate.m in Sources */,
				A6C5D44B20DA2A510064723C /* UITableViewCell+UCPlanKitExtra.m in Sources */,
				A6C5D44520DA29EA0064723C /* UIImageView+UCPlanKitExtra.m in Sources */,
				A6C5D43920DA29440064723C /* UILabel+UCPlanKitExtra.m in Sources */,
				A6C5D45120DA2A9F0064723C /* UIViewController+UCPlanKitExtra.m in Sources */,
				A6C5D44E20DA2A6D0064723C /* UIWebView+UCPlanKitExtra.m in Sources */,
				A6B763A320DA3C7500C2E89C /* UCPlanKitMediator.m in Sources */,
				A6C5D43F20DA29910064723C /* UIFont+UCPlanKitExtra.m in Sources */,
				A6B98A7720DB4A7000D7368C /* UCPlanKitBaseTargetNormalArgument.m in Sources */,
			);
			runOnlyForDeploymentPostprocessing = 0;
		};
/* End PBXSourcesBuildPhase section */

/* Begin PBXVariantGroup section */
		A6C5D42220DA27430064723C /* Main.storyboard */ = {
			isa = PBXVariantGroup;
			children = (
				A6C5D42320DA27430064723C /* Base */,
			);
			name = Main.storyboard;
			sourceTree = "<group>";
		};
		A6C5D42720DA27440064723C /* LaunchScreen.storyboard */ = {
			isa = PBXVariantGroup;
			children = (
				A6C5D42820DA27440064723C /* Base */,
			);
			name = LaunchScreen.storyboard;
			sourceTree = "<group>";
		};
/* End PBXVariantGroup section */

/* Begin XCBuildConfiguration section */
		A6C5D42D20DA27440064723C /* Debug */ = {
			isa = XCBuildConfiguration;
			buildSettings = {
				ALWAYS_SEARCH_USER_PATHS = NO;
				CLANG_ANALYZER_NONNULL = YES;
				CLANG_ANALYZER_NUMBER_OBJECT_CONVERSION = YES_AGGRESSIVE;
				CLANG_CXX_LANGUAGE_STANDARD = "gnu++14";
				CLANG_CXX_LIBRARY = "libc++";
				CLANG_ENABLE_MODULES = YES;
				CLANG_ENABLE_OBJC_ARC = YES;
				CLANG_ENABLE_OBJC_WEAK = YES;
				CLANG_WARN_BLOCK_CAPTURE_AUTORELEASING = YES;
				CLANG_WARN_BOOL_CONVERSION = YES;
				CLANG_WARN_COMMA = YES;
				CLANG_WARN_CONSTANT_CONVERSION = YES;
				CLANG_WARN_DEPRECATED_OBJC_IMPLEMENTATIONS = YES;
				CLANG_WARN_DIRECT_OBJC_ISA_USAGE = YES_ERROR;
				CLANG_WARN_DOCUMENTATION_COMMENTS = YES;
				CLANG_WARN_EMPTY_BODY = YES;
				CLANG_WARN_ENUM_CONVERSION = YES;
				CLANG_WARN_INFINITE_RECURSION = YES;
				CLANG_WARN_INT_CONVERSION = YES;
				CLANG_WARN_NON_LITERAL_NULL_CONVERSION = YES;
				CLANG_WARN_OBJC_IMPLICIT_RETAIN_SELF = YES;
				CLANG_WARN_OBJC_LITERAL_CONVERSION = YES;
				CLANG_WARN_OBJC_ROOT_CLASS = YES_ERROR;
				CLANG_WARN_RANGE_LOOP_ANALYSIS = YES;
				CLANG_WARN_STRICT_PROTOTYPES = YES;
				CLANG_WARN_SUSPICIOUS_MOVE = YES;
				CLANG_WARN_UNGUARDED_AVAILABILITY = YES_AGGRESSIVE;
				CLANG_WARN_UNREACHABLE_CODE = YES;
				CLANG_WARN__DUPLICATE_METHOD_MATCH = YES;
				CODE_SIGN_IDENTITY = "iPhone Developer";
				COPY_PHASE_STRIP = NO;
				DEBUG_INFORMATION_FORMAT = dwarf;
				ENABLE_STRICT_OBJC_MSGSEND = YES;
				ENABLE_TESTABILITY = YES;
				GCC_C_LANGUAGE_STANDARD = gnu11;
				GCC_DYNAMIC_NO_PIC = NO;
				GCC_NO_COMMON_BLOCKS = YES;
				GCC_OPTIMIZATION_LEVEL = 0;
				GCC_PREPROCESSOR_DEFINITIONS = (
					"DEBUG=1",
					"$(inherited)",
				);
				GCC_WARN_64_TO_32_BIT_CONVERSION = YES;
				GCC_WARN_ABOUT_RETURN_TYPE = YES_ERROR;
				GCC_WARN_UNDECLARED_SELECTOR = YES;
				GCC_WARN_UNINITIALIZED_AUTOS = YES_AGGRESSIVE;
				GCC_WARN_UNUSED_FUNCTION = YES;
				GCC_WARN_UNUSED_VARIABLE = YES;
				IPHONEOS_DEPLOYMENT_TARGET = 11.3;
				MTL_ENABLE_DEBUG_INFO = YES;
				ONLY_ACTIVE_ARCH = YES;
				SDKROOT = iphoneos;
			};
			name = Debug;
		};
		A6C5D42E20DA27440064723C /* Release */ = {
			isa = XCBuildConfiguration;
			buildSettings = {
				ALWAYS_SEARCH_USER_PATHS = NO;
				CLANG_ANALYZER_NONNULL = YES;
				CLANG_ANALYZER_NUMBER_OBJECT_CONVERSION = YES_AGGRESSIVE;
				CLANG_CXX_LANGUAGE_STANDARD = "gnu++14";
				CLANG_CXX_LIBRARY = "libc++";
				CLANG_ENABLE_MODULES = YES;
				CLANG_ENABLE_OBJC_ARC = YES;
				CLANG_ENABLE_OBJC_WEAK = YES;
				CLANG_WARN_BLOCK_CAPTURE_AUTORELEASING = YES;
				CLANG_WARN_BOOL_CONVERSION = YES;
				CLANG_WARN_COMMA = YES;
				CLANG_WARN_CONSTANT_CONVERSION = YES;
				CLANG_WARN_DEPRECATED_OBJC_IMPLEMENTATIONS = YES;
				CLANG_WARN_DIRECT_OBJC_ISA_USAGE = YES_ERROR;
				CLANG_WARN_DOCUMENTATION_COMMENTS = YES;
				CLANG_WARN_EMPTY_BODY = YES;
				CLANG_WARN_ENUM_CONVERSION = YES;
				CLANG_WARN_INFINITE_RECURSION = YES;
				CLANG_WARN_INT_CONVERSION = YES;
				CLANG_WARN_NON_LITERAL_NULL_CONVERSION = YES;
				CLANG_WARN_OBJC_IMPLICIT_RETAIN_SELF = YES;
				CLANG_WARN_OBJC_LITERAL_CONVERSION = YES;
				CLANG_WARN_OBJC_ROOT_CLASS = YES_ERROR;
				CLANG_WARN_RANGE_LOOP_ANALYSIS = YES;
				CLANG_WARN_STRICT_PROTOTYPES = YES;
				CLANG_WARN_SUSPICIOUS_MOVE = YES;
				CLANG_WARN_UNGUARDED_AVAILABILITY = YES_AGGRESSIVE;
				CLANG_WARN_UNREACHABLE_CODE = YES;
				CLANG_WARN__DUPLICATE_METHOD_MATCH = YES;
				CODE_SIGN_IDENTITY = "iPhone Developer";
				COPY_PHASE_STRIP = NO;
				DEBUG_INFORMATION_FORMAT = "dwarf-with-dsym";
				ENABLE_NS_ASSERTIONS = NO;
				ENABLE_STRICT_OBJC_MSGSEND = YES;
				GCC_C_LANGUAGE_STANDARD = gnu11;
				GCC_NO_COMMON_BLOCKS = YES;
				GCC_WARN_64_TO_32_BIT_CONVERSION = YES;
				GCC_WARN_ABOUT_RETURN_TYPE = YES_ERROR;
				GCC_WARN_UNDECLARED_SELECTOR = YES;
				GCC_WARN_UNINITIALIZED_AUTOS = YES_AGGRESSIVE;
				GCC_WARN_UNUSED_FUNCTION = YES;
				GCC_WARN_UNUSED_VARIABLE = YES;
				IPHONEOS_DEPLOYMENT_TARGET = 11.3;
				MTL_ENABLE_DEBUG_INFO = NO;
				SDKROOT = iphoneos;
				VALIDATE_PRODUCT = YES;
			};
			name = Release;
		};
		A6C5D43020DA27440064723C /* Debug */ = {
			isa = XCBuildConfiguration;
			buildSettings = {
				ASSETCATALOG_COMPILER_APPICON_NAME = AppIcon;
				CODE_SIGN_STYLE = Automatic;
				INFOPLIST_FILE = UCPlanKit/Info.plist;
				LD_RUNPATH_SEARCH_PATHS = (
					"$(inherited)",
					"@executable_path/Frameworks",
				);
				PRODUCT_BUNDLE_IDENTIFIER = RPGLiker.UCPlanKit;
				PRODUCT_NAME = "$(TARGET_NAME)";
				TARGETED_DEVICE_FAMILY = "1,2";
			};
			name = Debug;
		};
		A6C5D43120DA27440064723C /* Release */ = {
			isa = XCBuildConfiguration;
			buildSettings = {
				ASSETCATALOG_COMPILER_APPICON_NAME = AppIcon;
				CODE_SIGN_STYLE = Automatic;
				INFOPLIST_FILE = UCPlanKit/Info.plist;
				LD_RUNPATH_SEARCH_PATHS = (
					"$(inherited)",
					"@executable_path/Frameworks",
				);
				PRODUCT_BUNDLE_IDENTIFIER = RPGLiker.UCPlanKit;
				PRODUCT_NAME = "$(TARGET_NAME)";
				TARGETED_DEVICE_FAMILY = "1,2";
			};
			name = Release;
		};
/* End XCBuildConfiguration section */

/* Begin XCConfigurationList section */
		A6C5D41420DA27430064723C /* Build configuration list for PBXProject "UCPlanKit" */ = {
			isa = XCConfigurationList;
			buildConfigurations = (
				A6C5D42D20DA27440064723C /* Debug */,
				A6C5D42E20DA27440064723C /* Release */,
			);
			defaultConfigurationIsVisible = 0;
			defaultConfigurationName = Release;
		};
		A6C5D42F20DA27440064723C /* Build configuration list for PBXNativeTarget "UCPlanKit" */ = {
			isa = XCConfigurationList;
			buildConfigurations = (
				A6C5D43020DA27440064723C /* Debug */,
				A6C5D43120DA27440064723C /* Release */,
			);
			defaultConfigurationIsVisible = 0;
			defaultConfigurationName = Release;
		};
/* End XCConfigurationList section */
	};
	rootObject = A6C5D41120DA27430064723C /* Project object */;
}
